
Microsoft Visual Studio Solution File, Format Version 12.00
# Visual Studio Version 16
VisualStudioVersion = 16.0.31205.134
MinimumVisualStudioVersion = 10.0.40219.1
Project("{FAE04EC0-301F-11D3-BF4B-00C04F79EFBC}") = "SignalRCore.Mcv.Demo", "SignalRCore.Mcv.Demo.csproj", "{529CE09A-8C60-4021-8ADB-BC95B9A9616D}"
EndProject
Global
	GlobalSection(SolutionConfigurationPlatforms) = preSolution
		Debug|Any CPU = Debug|Any CPU
		Release|Any CPU = Release|Any CPU
	EndGlobalSection
	GlobalSection(ProjectConfigurationPlatforms) = postSolution
		{529CE09A-8C60-4021-8ADB-BC95B9A9616D}.Debug|Any CPU.ActiveCfg = Debug|Any CPU
		{529CE09A-8C60-4021-8ADB-BC95B9A9616D}.Debug|Any CPU.Build.0 = Debug|Any CPU
		{529CE09A-8C60-4021-8ADB-BC95B9A9616D}.Release|Any CPU.ActiveCfg = Release|Any CPU
		{529CE09A-8C60-4021-8ADB-BC95B9A9616D}.Release|Any CPU.Build.0 = Release|Any CPU
	EndGlobalSection
	GlobalSection(SolutionProperties) = preSolution
		HideSolutionNode = FALSE
	EndGlobalSection
	GlobalSection(ExtensibilityGlobals) = postSolution
		SolutionGuid = {3AABA3EA-97F4-4D66-8B8B-F338A131AB1F}
	EndGlobalSection
EndGlobal
